
Microsoft Visual Studio Solution File, Format Version 12.00
# Visual Studio 15
VisualStudioVersion = 15.0.26730.12
MinimumVisualStudioVersion = 10.0.40219.1
Project("{FAE04EC0-301F-11D3-BF4B-00C04F79EFBC}") = "NavigationApp.Android", "NavigationApp\NavigationApp.Android\NavigationApp.Android.csproj", "{705411C4-4001-4FAF-8523-3A8BF7E1890F}"
EndProject
Project("{FAE04EC0-301F-11D3-BF4B-00C04F79EFBC}") = "NavigationApp", "NavigationApp\NavigationApp\NavigationApp.csproj", "{24F69CEC-E1FE-479B-BD89-54F19FDF7511}"
EndProject
Project("{FAE04EC0-301F-11D3-BF4B-00C04F79EFBC}") = "NavigationApp.iOS", "NavigationApp\NavigationApp.iOS\NavigationApp.iOS.csproj", "{CD5170FD-1586-4C03-B21F-E37C92A018D5}"
EndProject
Global
	GlobalSection(SolutionConfigurationPlatforms) = preSolution
		Ad-Hoc|Any CPU = Ad-Hoc|Any CPU
		Ad-Hoc|iPhone = Ad-Hoc|iPhone
		Ad-Hoc|iPhoneSimulator = Ad-Hoc|iPhoneSimulator
		AppStore|Any CPU = AppStore|Any CPU
		AppStore|iPhone = AppStore|iPhone
		AppStore|iPhoneSimulator = AppStore|iPhoneSimulator
		Debug|Any CPU = Debug|Any CPU
		Debug|iPhone = Debug|iPhone
		Debug|iPhoneSimulator = Debug|iPhoneSimulator
		Release|Any CPU = Release|Any CPU
		Release|iPhone = Release|iPhone
		Release|iPhoneSimulator = Release|iPhoneSimulator
	EndGlobalSection
	GlobalSection(ProjectConfigurationPlatforms) = postSolution
		{705411C4-4001-4FAF-8523-3A8BF7E1890F}.Ad-Hoc|Any CPU.ActiveCfg = Release|Any CPU
		{705411C4-4001-4FAF-8523-3A8BF7E1890F}.Ad-Hoc|Any CPU.Build.0 = Release|Any CPU
		{705411C4-4001-4FAF-8523-3A8BF7E1890F}.Ad-Hoc|Any CPU.Deploy.0 = Release|Any CPU
		{705411C4-4001-4FAF-8523-3A8BF7E1890F}.Ad-Hoc|iPhone.ActiveCfg = Release|Any CPU
		{705411C4-4001-4FAF-8523-3A8BF7E1890F}.Ad-Hoc|iPhone.Build.0 = Release|Any CPU
		{705411C4-4001-4FAF-8523-3A8BF7E1890F}.Ad-Hoc|iPhone.Deploy.0 = Release|Any CPU
		{705411C4-4001-4FAF-8523-3A8BF7E1890F}.Ad-Hoc|iPhoneSimulator.ActiveCfg = Release|Any CPU
		{705411C4-4001-4FAF-8523-3A8BF7E1890F}.Ad-Hoc|iPhoneSimulator.Build.0 = Release|Any CPU
		{705411C4-4001-4FAF-8523-3A8BF7E1890F}.Ad-Hoc|iPhoneSimulator.Deploy.0 = Release|Any CPU
		{705411C4-4001-4FAF-8523-3A8BF7E1890F}.AppStore|Any CPU.ActiveCfg = Release|Any CPU
		{705411C4-4001-4FAF-8523-3A8BF7E1890F}.AppStore|Any CPU.Build.0 = Release|Any CPU
		{705411C4-4001-4FAF-8523-3A8BF7E1890F}.AppStore|Any CPU.Deploy.0 = Release|Any CPU
		{705411C4-4001-4FAF-8523-3A8BF7E1890F}.AppStore|iPhone.ActiveCfg = Release|Any CPU
		{705411C4-4001-4FAF-8523-3A8BF7E1890F}.AppStore|iPhone.Build.0 = Release|Any CPU
		{705411C4-4001-4FAF-8523-3A8BF7E1890F}.AppStore|iPhone.Deploy.0 = Release|Any CPU
		{705411C4-4001-4FAF-8523-3A8BF7E1890F}.AppStore|iPhoneSimulator.ActiveCfg = Release|Any CPU
		{705411C4-4001-4FAF-8523-3A8BF7E1890F}.AppStore|iPhoneSimulator.Build.0 = Release|Any CPU
		{705411C4-4001-4FAF-8523-3A8BF7E1890F}.AppStore|iPhoneSimulator.Deploy.0 = Release|Any CPU
		{705411C4-4001-4FAF-8523-3A8BF7E1890F}.Debug|Any CPU.ActiveCfg = Debug|Any CPU
		{705411C4-4001-4FAF-8523-3A8BF7E1890F}.Debug|Any CPU.Build.0 = Debug|Any CPU
		{705411C4-4001-4FAF-8523-3A8BF7E1890F}.Debug|Any CPU.Deploy.0 = Debug|Any CPU
		{705411C4-4001-4FAF-8523-3A8BF7E1890F}.Debug|iPhone.ActiveCfg = Debug|Any CPU
		{705411C4-4001-4FAF-8523-3A8BF7E1890F}.Debug|iPhone.Build.0 = Debug|Any CPU
		{705411C4-4001-4FAF-8523-3A8BF7E1890F}.Debug|iPhone.Deploy.0 = Debug|Any CPU
		{705411C4-4001-4FAF-8523-3A8BF7E1890F}.Debug|iPhoneSimulator.ActiveCfg = Debug|Any CPU
		{705411C4-4001-4FAF-8523-3A8BF7E1890F}.Debug|iPhoneSimulator.Build.0 = Debug|Any CPU
		{705411C4-4001-4FAF-8523-3A8BF7E1890F}.Debug|iPhoneSimulator.Deploy.0 = Debug|Any CPU
		{705411C4-4001-4FAF-8523-3A8BF7E1890F}.Release|Any CPU.ActiveCfg = Release|Any CPU
		{705411C4-4001-4FAF-8523-3A8BF7E1890F}.Release|Any CPU.Build.0 = Release|Any CPU
		{705411C4-4001-4FAF-8523-3A8BF7E1890F}.Release|Any CPU.Deploy.0 = Release|Any CPU
		{705411C4-4001-4FAF-8523-3A8BF7E1890F}.Release|iPhone.ActiveCfg = Release|Any CPU
		{705411C4-4001-4FAF-8523-3A8BF7E1890F}.Release|iPhone.Build.0 = Release|Any CPU
		{705411C4-4001-4FAF-8523-3A8BF7E1890F}.Release|iPhone.Deploy.0 = Release|Any CPU
		{705411C4-4001-4FAF-8523-3A8BF7E1890F}.Release|iPhoneSimulator.ActiveCfg = Release|Any CPU
		{705411C4-4001-4FAF-8523-3A8BF7E1890F}.Release|iPhoneSimulator.Build.0 = Release|Any CPU
		{705411C4-4001-4FAF-8523-3A8BF7E1890F}.Release|iPhoneSimulator.Deploy.0 = Release|Any CPU
		{24F69CEC-E1FE-479B-BD89-54F19FDF7511}.Ad-Hoc|Any CPU.ActiveCfg = Release|Any CPU
		{24F69CEC-E1FE-479B-BD89-54F19FDF7511}.Ad-Hoc|Any CPU.Build.0 = Release|Any CPU
		{24F69CEC-E1FE-479B-BD89-54F19FDF7511}.Ad-Hoc|iPhone.ActiveCfg = Release|Any CPU
		{24F69CEC-E1FE-479B-BD89-54F19FDF7511}.Ad-Hoc|iPhone.Build.0 = Release|Any CPU
		{24F69CEC-E1FE-479B-BD89-54F19FDF7511}.Ad-Hoc|iPhoneSimulator.ActiveCfg = Release|Any CPU
		{24F69CEC-E1FE-479B-BD89-54F19FDF7511}.Ad-Hoc|iPhoneSimulator.Build.0 = Release|Any CPU
		{24F69CEC-E1FE-479B-BD89-54F19FDF7511}.AppStore|Any CPU.ActiveCfg = Release|Any CPU
		{24F69CEC-E1FE-479B-BD89-54F19FDF7511}.AppStore|Any CPU.Build.0 = Release|Any CPU
		{24F69CEC-E1FE-479B-BD89-54F19FDF7511}.AppStore|iPhone.ActiveCfg = Release|Any CPU
		{24F69CEC-E1FE-479B-BD89-54F19FDF7511}.AppStore|iPhone.Build.0 = Release|Any CPU
		{24F69CEC-E1FE-479B-BD89-54F19FDF7511}.AppStore|iPhoneSimulator.ActiveCfg = Release|Any CPU
		{24F69CEC-E1FE-479B-BD89-54F19FDF7511}.AppStore|iPhoneSimulator.Build.0 = Release|Any CPU
		{24F69CEC-E1FE-479B-BD89-54F19FDF7511}.Debug|Any CPU.ActiveCfg = Debug|Any CPU
		{24F69CEC-E1FE-479B-BD89-54F19FDF7511}.Debug|Any CPU.Build.0 = Debug|Any CPU
		{24F69CEC-E1FE-479B-BD89-54F19FDF7511}.Debug|iPhone.ActiveCfg = Debug|Any CPU
		{24F69CEC-E1FE-479B-BD89-54F19FDF7511}.Debug|iPhone.Build.0 = Debug|Any CPU
		{24F69CEC-E1FE-479B-BD89-54F19FDF7511}.Debug|iPhoneSimulator.ActiveCfg = Debug|Any CPU
		{24F69CEC-E1FE-479B-BD89-54F19FDF7511}.Debug|iPhoneSimulator.Build.0 = Debug|Any CPU
		{24F69CEC-E1FE-479B-BD89-54F19FDF7511}.Release|Any CPU.ActiveCfg = Release|Any CPU
		{24F69CEC-E1FE-479B-BD89-54F19FDF7511}.Release|Any CPU.Build.0 = Release|Any CPU
		{24F69CEC-E1FE-479B-BD89-54F19FDF7511}.Release|iPhone.ActiveCfg = Release|Any CPU
		{24F69CEC-E1FE-479B-BD89-54F19FDF7511}.Release|iPhone.Build.0 = Release|Any CPU
		{24F69CEC-E1FE-479B-BD89-54F19FDF7511}.Release|iPhoneSimulator.ActiveCfg = Release|Any CPU
		{24F69CEC-E1FE-479B-BD89-54F19FDF7511}.Release|iPhoneSimulator.Build.0 = Release|Any CPU
		{CD5170FD-1586-4C03-B21F-E37C92A018D5}.Ad-Hoc|Any CPU.ActiveCfg = Ad-Hoc|iPhone
		{CD5170FD-1586-4C03-B21F-E37C92A018D5}.Ad-Hoc|iPhone.ActiveCfg = Ad-Hoc|iPhone
		{CD5170FD-1586-4C03-B21F-E37C92A018D5}.Ad-Hoc|iPhone.Build.0 = Ad-Hoc|iPhone
		{CD5170FD-1586-4C03-B21F-E37C92A018D5}.Ad-Hoc|iPhoneSimulator.ActiveCfg = Ad-Hoc|iPhoneSimulator
		{CD5170FD-1586-4C03-B21F-E37C92A018D5}.Ad-Hoc|iPhoneSimulator.Build.0 = Ad-Hoc|iPhoneSimulator
		{CD5170FD-1586-4C03-B21F-E37C92A018D5}.AppStore|Any CPU.ActiveCfg = AppStore|iPhone
		{CD5170FD-1586-4C03-B21F-E37C92A018D5}.AppStore|iPhone.ActiveCfg = AppStore|iPhone
		{CD5170FD-1586-4C03-B21F-E37C92A018D5}.AppStore|iPhone.Build.0 = AppStore|iPhone
		{CD5170FD-1586-4C03-B21F-E37C92A018D5}.AppStore|iPhoneSimulator.ActiveCfg = AppStore|iPhoneSimulator
		{CD5170FD-1586-4C03-B21F-E37C92A018D5}.AppStore|iPhoneSimulator.Build.0 = AppStore|iPhoneSimulator
		{CD5170FD-1586-4C03-B21F-E37C92A018D5}.Debug|Any CPU.ActiveCfg = Debug|iPhone
		{CD5170FD-1586-4C03-B21F-E37C92A018D5}.Debug|iPhone.ActiveCfg = Debug|iPhone
		{CD5170FD-1586-4C03-B21F-E37C92A018D5}.Debug|iPhone.Build.0 = Debug|iPhone
		{CD5170FD-1586-4C03-B21F-E37C92A018D5}.Debug|iPhoneSimulator.ActiveCfg = Debug|iPhoneSimulator
		{CD5170FD-1586-4C03-B21F-E37C92A018D5}.Debug|iPhoneSimulator.Build.0 = Debug|iPhoneSimulator
		{CD5170FD-1586-4C03-B21F-E37C92A018D5}.Release|Any CPU.ActiveCfg = Release|iPhone
		{CD5170FD-1586-4C03-B21F-E37C92A018D5}.Release|iPhone.ActiveCfg = Release|iPhone
		{CD5170FD-1586-4C03-B21F-E37C92A018D5}.Release|iPhone.Build.0 = Release|iPhone
		{CD5170FD-1586-4C03-B21F-E37C92A018D5}.Release|iPhoneSimulator.ActiveCfg = Release|iPhoneSimulator
		{CD5170FD-1586-4C03-B21F-E37C92A018D5}.Release|iPhoneSimulator.Build.0 = Release|iPhoneSimulator
	EndGlobalSection
	GlobalSection(SolutionProperties) = preSolution
		HideSolutionNode = FALSE
	EndGlobalSection
	GlobalSection(ExtensibilityGlobals) = postSolution
		SolutionGuid = {D23F7DA4-EB33-4379-82F4-38C4C5D35D8D}
	EndGlobalSection
EndGlobal
